// !$*UTF8*$!
{
	archiveVersion = 1;
	classes = {
	};
	objectVersion = 46;
	objects = {

/* Begin PBXBuildFile section */
		22FCC8C81756115300CAEA85 /* GeometryKit.h in Headers */ = {isa = PBXBuildFile; fileRef = 22FCC8A61756115300CAEA85 /* GeometryKit.h */; settings = {ATTRIBUTES = (Public, ); }; };
		22FCC8C91756115300CAEA85 /* GKAxis.h in Headers */ = {isa = PBXBuildFile; fileRef = 22FCC8A71756115300CAEA85 /* GKAxis.h */; settings = {ATTRIBUTES = (Public, ); }; };
		22FCC8CA1756115300CAEA85 /* GKAxis.m in Sources */ = {isa = PBXBuildFile; fileRef = 22FCC8A81756115300CAEA85 /* GKAxis.m */; };
		22FCC8CB1756115300CAEA85 /* GKAxisPosition.h in Headers */ = {isa = PBXBuildFile; fileRef = 22FCC8A91756115300CAEA85 /* GKAxisPosition.h */; settings = {ATTRIBUTES = (Public, ); }; };
		22FCC8CC1756115300CAEA85 /* GKAxisPosition.m in Sources */ = {isa = PBXBuildFile; fileRef = 22FCC8AA1756115300CAEA85 /* GKAxisPosition.m */; };
		22FCC8CD1756115300CAEA85 /* GKCorner.h in Headers */ = {isa = PBXBuildFile; fileRef = 22FCC8AB1756115300CAEA85 /* GKCorner.h */; settings = {ATTRIBUTES = (Public, ); }; };
		22FCC8CE1756115300CAEA85 /* GKCorner.m in Sources */ = {isa = PBXBuildFile; fileRef = 22FCC8AC1756115300CAEA85 /* GKCorner.m */; };
		22FCC8CF1756115300CAEA85 /* GKEdge.h in Headers */ = {isa = PBXBuildFile; fileRef = 22FCC8AD1756115300CAEA85 /* GKEdge.h */; settings = {ATTRIBUTES = (Public, ); }; };
		22FCC8D01756115300CAEA85 /* GKEdge.m in Sources */ = {isa = PBXBuildFile; fileRef = 22FCC8AE1756115300CAEA85 /* GKEdge.m */; };
		22FCC8D11756115300CAEA85 /* GKLine.h in Headers */ = {isa = PBXBuildFile; fileRef = 22FCC8AF1756115300CAEA85 /* GKLine.h */; settings = {ATTRIBUTES = (Public, ); }; };
		22FCC8D21756115300CAEA85 /* GKLine.m in Sources */ = {isa = PBXBuildFile; fileRef = 22FCC8B01756115300CAEA85 /* GKLine.m */; };
		22FCC8D31756115300CAEA85 /* GKObjectEnum.h in Headers */ = {isa = PBXBuildFile; fileRef = 22FCC8B11756115300CAEA85 /* GKObjectEnum.h */; settings = {ATTRIBUTES = (Public, ); }; };
		22FCC8D41756115300CAEA85 /* GKObjectEnum.m in Sources */ = {isa = PBXBuildFile; fileRef = 22FCC8B21756115300CAEA85 /* GKObjectEnum.m */; };
		22FCC8D51756115300CAEA85 /* GKOffset.h in Headers */ = {isa = PBXBuildFile; fileRef = 22FCC8B31756115300CAEA85 /* GKOffset.h */; settings = {ATTRIBUTES = (Public, ); }; };
		22FCC8D61756115300CAEA85 /* GKOffset.m in Sources */ = {isa = PBXBuildFile; fileRef = 22FCC8B41756115300CAEA85 /* GKOffset.m */; };
		22FCC8D71756115300CAEA85 /* GKPoint.h in Headers */ = {isa = PBXBuildFile; fileRef = 22FCC8B51756115300CAEA85 /* GKPoint.h */; settings = {ATTRIBUTES = (Public, ); }; };
		22FCC8D81756115300CAEA85 /* GKPoint.m in Sources */ = {isa = PBXBuildFile; fileRef = 22FCC8B61756115300CAEA85 /* GKPoint.m */; };
		22FCC8D91756115300CAEA85 /* GKRect.h in Headers */ = {isa = PBXBuildFile; fileRef = 22FCC8B71756115300CAEA85 /* GKRect.h */; settings = {ATTRIBUTES = (Public, ); }; };
		22FCC8DA1756115300CAEA85 /* GKRect.m in Sources */ = {isa = PBXBuildFile; fileRef = 22FCC8B81756115300CAEA85 /* GKRect.m */; };
		22FCC8DB1756115300CAEA85 /* GKRect+Axis.h in Headers */ = {isa = PBXBuildFile; fileRef = 22FCC8B91756115300CAEA85 /* GKRect+Axis.h */; settings = {ATTRIBUTES = (Public, ); }; };
		22FCC8DC1756115300CAEA85 /* GKRect+Axis.m in Sources */ = {isa = PBXBuildFile; fileRef = 22FCC8BA1756115300CAEA85 /* GKRect+Axis.m */; };
		22FCC8DD1756115300CAEA85 /* GKRect+Compare.h in Headers */ = {isa = PBXBuildFile; fileRef = 22FCC8BB1756115300CAEA85 /* GKRect+Compare.h */; settings = {ATTRIBUTES = (Public, ); }; };
		22FCC8DE1756115300CAEA85 /* GKRect+Compare.m in Sources */ = {isa = PBXBuildFile; fileRef = 22FCC8BC1756115300CAEA85 /* GKRect+Compare.m */; };
		22FCC8DF1756115300CAEA85 /* GKRect+Corner.h in Headers */ = {isa = PBXBuildFile; fileRef = 22FCC8BD1756115300CAEA85 /* GKRect+Corner.h */; settings = {ATTRIBUTES = (Public, ); }; };
		22FCC8E01756115300CAEA85 /* GKRect+Corner.m in Sources */ = {isa = PBXBuildFile; fileRef = 22FCC8BE1756115300CAEA85 /* GKRect+Corner.m */; };
		22FCC8E11756115300CAEA85 /* GKRect+Edge.h in Headers */ = {isa = PBXBuildFile; fileRef = 22FCC8BF1756115300CAEA85 /* GKRect+Edge.h */; settings = {ATTRIBUTES = (Public, ); }; };
		22FCC8E21756115300CAEA85 /* GKRect+Edge.m in Sources */ = {isa = PBXBuildFile; fileRef = 22FCC8C01756115300CAEA85 /* GKRect+Edge.m */; };
		22FCC8E31756115300CAEA85 /* GKRect+Expand.h in Headers */ = {isa = PBXBuildFile; fileRef = 22FCC8C11756115300CAEA85 /* GKRect+Expand.h */; settings = {ATTRIBUTES = (Public, ); }; };
		22FCC8E41756115300CAEA85 /* GKRect+Expand.m in Sources */ = {isa = PBXBuildFile; fileRef = 22FCC8C21756115300CAEA85 /* GKRect+Expand.m */; };
		22FCC8E51756115300CAEA85 /* GKRect+Point.h in Headers */ = {isa = PBXBuildFile; fileRef = 22FCC8C31756115300CAEA85 /* GKRect+Point.h */; settings = {ATTRIBUTES = (Public, ); }; };
		22FCC8E61756115300CAEA85 /* GKRect+Point.m in Sources */ = {isa = PBXBuildFile; fileRef = 22FCC8C41756115300CAEA85 /* GKRect+Point.m */; };
		22FCC8E71756115300CAEA85 /* GKRect+Relative.h in Headers */ = {isa = PBXBuildFile; fileRef = 22FCC8C51756115300CAEA85 /* GKRect+Relative.h */; settings = {ATTRIBUTES = (Public, ); }; };
		22FCC8E81756115300CAEA85 /* GKRect+Relative.m in Sources */ = {isa = PBXBuildFile; fileRef = 22FCC8C61756115300CAEA85 /* GKRect+Relative.m */; };
/* End PBXBuildFile section */

/* Begin PBXFileReference section */
		222D37C019ACE3240079F8BE /* GeometryKitDebug.xcconfig */ = {isa = PBXFileReference; lastKnownFileType = text.xcconfig; path = GeometryKitDebug.xcconfig; sourceTree = "<group>"; };
		222D37C119ACE3240079F8BE /* GeometryKitRelease.xcconfig */ = {isa = PBXFileReference; lastKnownFileType = text.xcconfig; path = GeometryKitRelease.xcconfig; sourceTree = "<group>"; };
		222D37C219ACE3240079F8BE /* GeometryKitShared.xcconfig */ = {isa = PBXFileReference; lastKnownFileType = text.xcconfig; path = GeometryKitShared.xcconfig; sourceTree = "<group>"; };
		228CF22717562C58003E1D25 /* GeometryKitDebug.pch */ = {isa = PBXFileReference; lastKnownFileType = sourcecode.c.h; path = GeometryKitDebug.pch; sourceTree = "<group>"; };
		228CF22817562C58003E1D25 /* GeometryKitRelease.pch */ = {isa = PBXFileReference; lastKnownFileType = sourcecode.c.h; path = GeometryKitRelease.pch; sourceTree = "<group>"; };
		228CF22917562C58003E1D25 /* GeometryKitShared.pch */ = {isa = PBXFileReference; lastKnownFileType = sourcecode.c.h; path = GeometryKitShared.pch; sourceTree = "<group>"; };
		22FCC8A61756115300CAEA85 /* GeometryKit.h */ = {isa = PBXFileReference; fileEncoding = 4; lastKnownFileType = sourcecode.c.h; name = GeometryKit.h; path = Source/GeometryKit.h; sourceTree = SOURCE_ROOT; };
		22FCC8A71756115300CAEA85 /* GKAxis.h */ = {isa = PBXFileReference; fileEncoding = 4; lastKnownFileType = sourcecode.c.h; name = GKAxis.h; path = Source/GKAxis.h; sourceTree = SOURCE_ROOT; };
		22FCC8A81756115300CAEA85 /* GKAxis.m */ = {isa = PBXFileReference; fileEncoding = 4; lastKnownFileType = sourcecode.c.objc; name = GKAxis.m; path = Source/GKAxis.m; sourceTree = SOURCE_ROOT; };
		22FCC8A91756115300CAEA85 /* GKAxisPosition.h */ = {isa = PBXFileReference; fileEncoding = 4; lastKnownFileType = sourcecode.c.h; name = GKAxisPosition.h; path = Source/GKAxisPosition.h; sourceTree = SOURCE_ROOT; };
		22FCC8AA1756115300CAEA85 /* GKAxisPosition.m */ = {isa = PBXFileReference; fileEncoding = 4; lastKnownFileType = sourcecode.c.objc; name = GKAxisPosition.m; path = Source/GKAxisPosition.m; sourceTree = SOURCE_ROOT; };
		22FCC8AB1756115300CAEA85 /* GKCorner.h */ = {isa = PBXFileReference; fileEncoding = 4; lastKnownFileType = sourcecode.c.h; name = GKCorner.h; path = Source/GKCorner.h; sourceTree = SOURCE_ROOT; };
		22FCC8AC1756115300CAEA85 /* GKCorner.m */ = {isa = PBXFileReference; fileEncoding = 4; lastKnownFileType = sourcecode.c.objc; name = GKCorner.m; path = Source/GKCorner.m; sourceTree = SOURCE_ROOT; };
		22FCC8AD1756115300CAEA85 /* GKEdge.h */ = {isa = PBXFileReference; fileEncoding = 4; lastKnownFileType = sourcecode.c.h; name = GKEdge.h; path = Source/GKEdge.h; sourceTree = SOURCE_ROOT; };
		22FCC8AE1756115300CAEA85 /* GKEdge.m */ = {isa = PBXFileReference; fileEncoding = 4; lastKnownFileType = sourcecode.c.objc; name = GKEdge.m; path = Source/GKEdge.m; sourceTree = SOURCE_ROOT; };
		22FCC8AF1756115300CAEA85 /* GKLine.h */ = {isa = PBXFileReference; fileEncoding = 4; lastKnownFileType = sourcecode.c.h; name = GKLine.h; path = Source/GKLine.h; sourceTree = SOURCE_ROOT; };
		22FCC8B01756115300CAEA85 /* GKLine.m */ = {isa = PBXFileReference; fileEncoding = 4; lastKnownFileType = sourcecode.c.objc; name = GKLine.m; path = Source/GKLine.m; sourceTree = SOURCE_ROOT; };
		22FCC8B11756115300CAEA85 /* GKObjectEnum.h */ = {isa = PBXFileReference; fileEncoding = 4; lastKnownFileType = sourcecode.c.h; name = GKObjectEnum.h; path = Source/GKObjectEnum.h; sourceTree = SOURCE_ROOT; };
		22FCC8B21756115300CAEA85 /* GKObjectEnum.m */ = {isa = PBXFileReference; fileEncoding = 4; lastKnownFileType = sourcecode.c.objc; name = GKObjectEnum.m; path = Source/GKObjectEnum.m; sourceTree = SOURCE_ROOT; };
		22FCC8B31756115300CAEA85 /* GKOffset.h */ = {isa = PBXFileReference; fileEncoding = 4; lastKnownFileType = sourcecode.c.h; name = GKOffset.h; path = Source/GKOffset.h; sourceTree = SOURCE_ROOT; };
		22FCC8B41756115300CAEA85 /* GKOffset.m */ = {isa = PBXFileReference; fileEncoding = 4; lastKnownFileType = sourcecode.c.objc; name = GKOffset.m; path = Source/GKOffset.m; sourceTree = SOURCE_ROOT; };
		22FCC8B51756115300CAEA85 /* GKPoint.h */ = {isa = PBXFileReference; fileEncoding = 4; lastKnownFileType = sourcecode.c.h; name = GKPoint.h; path = Source/GKPoint.h; sourceTree = SOURCE_ROOT; };
		22FCC8B61756115300CAEA85 /* GKPoint.m */ = {isa = PBXFileReference; fileEncoding = 4; lastKnownFileType = sourcecode.c.objc; name = GKPoint.m; path = Source/GKPoint.m; sourceTree = SOURCE_ROOT; };
		22FCC8B71756115300CAEA85 /* GKRect.h */ = {isa = PBXFileReference; fileEncoding = 4; lastKnownFileType = sourcecode.c.h; name = GKRect.h; path = Source/GKRect.h; sourceTree = SOURCE_ROOT; };
		22FCC8B81756115300CAEA85 /* GKRect.m */ = {isa = PBXFileReference; fileEncoding = 4; lastKnownFileType = sourcecode.c.objc; name = GKRect.m; path = Source/GKRect.m; sourceTree = SOURCE_ROOT; };
		22FCC8B91756115300CAEA85 /* GKRect+Axis.h */ = {isa = PBXFileReference; fileEncoding = 4; lastKnownFileType = sourcecode.c.h; name = "GKRect+Axis.h"; path = "Source/GKRect+Axis.h"; sourceTree = SOURCE_ROOT; };
		22FCC8BA1756115300CAEA85 /* GKRect+Axis.m */ = {isa = PBXFileReference; fileEncoding = 4; lastKnownFileType = sourcecode.c.objc; name = "GKRect+Axis.m"; path = "Source/GKRect+Axis.m"; sourceTree = SOURCE_ROOT; };
		22FCC8BB1756115300CAEA85 /* GKRect+Compare.h */ = {isa = PBXFileReference; fileEncoding = 4; lastKnownFileType = sourcecode.c.h; name = "GKRect+Compare.h"; path = "Source/GKRect+Compare.h"; sourceTree = SOURCE_ROOT; };
		22FCC8BC1756115300CAEA85 /* GKRect+Compare.m */ = {isa = PBXFileReference; fileEncoding = 4; lastKnownFileType = sourcecode.c.objc; name = "GKRect+Compare.m"; path = "Source/GKRect+Compare.m"; sourceTree = SOURCE_ROOT; };
		22FCC8BD1756115300CAEA85 /* GKRect+Corner.h */ = {isa = PBXFileReference; fileEncoding = 4; lastKnownFileType = sourcecode.c.h; name = "GKRect+Corner.h"; path = "Source/GKRect+Corner.h"; sourceTree = SOURCE_ROOT; };
		22FCC8BE1756115300CAEA85 /* GKRect+Corner.m */ = {isa = PBXFileReference; fileEncoding = 4; lastKnownFileType = sourcecode.c.objc; name = "GKRect+Corner.m"; path = "Source/GKRect+Corner.m"; sourceTree = SOURCE_ROOT; };
		22FCC8BF1756115300CAEA85 /* GKRect+Edge.h */ = {isa = PBXFileReference; fileEncoding = 4; lastKnownFileType = sourcecode.c.h; name = "GKRect+Edge.h"; path = "Source/GKRect+Edge.h"; sourceTree = SOURCE_ROOT; };
		22FCC8C01756115300CAEA85 /* GKRect+Edge.m */ = {isa = PBXFileReference; fileEncoding = 4; lastKnownFileType = sourcecode.c.objc; name = "GKRect+Edge.m"; path = "Source/GKRect+Edge.m"; sourceTree = SOURCE_ROOT; };
		22FCC8C11756115300CAEA85 /* GKRect+Expand.h */ = {isa = PBXFileReference; fileEncoding = 4; lastKnownFileType = sourcecode.c.h; name = "GKRect+Expand.h"; path = "Source/GKRect+Expand.h"; sourceTree = SOURCE_ROOT; };
		22FCC8C21756115300CAEA85 /* GKRect+Expand.m */ = {isa = PBXFileReference; fileEncoding = 4; lastKnownFileType = sourcecode.c.objc; name = "GKRect+Expand.m"; path = "Source/GKRect+Expand.m"; sourceTree = SOURCE_ROOT; };
		22FCC8C31756115300CAEA85 /* GKRect+Point.h */ = {isa = PBXFileReference; fileEncoding = 4; lastKnownFileType = sourcecode.c.h; name = "GKRect+Point.h"; path = "Source/GKRect+Point.h"; sourceTree = SOURCE_ROOT; };
		22FCC8C41756115300CAEA85 /* GKRect+Point.m */ = {isa = PBXFileReference; fileEncoding = 4; lastKnownFileType = sourcecode.c.objc; name = "GKRect+Point.m"; path = "Source/GKRect+Point.m"; sourceTree = SOURCE_ROOT; };
		22FCC8C51756115300CAEA85 /* GKRect+Relative.h */ = {isa = PBXFileReference; fileEncoding = 4; lastKnownFileType = sourcecode.c.h; name = "GKRect+Relative.h"; path = "Source/GKRect+Relative.h"; sourceTree = SOURCE_ROOT; };
		22FCC8C61756115300CAEA85 /* GKRect+Relative.m */ = {isa = PBXFileReference; fileEncoding = 4; lastKnownFileType = sourcecode.c.objc; name = "GKRect+Relative.m"; path = "Source/GKRect+Relative.m"; sourceTree = SOURCE_ROOT; };
		F5C25A8916A46702002F7A70 /* libGeometryKit.a */ = {isa = PBXFileReference; explicitFileType = archive.ar; includeInIndex = 0; path = libGeometryKit.a; sourceTree = BUILT_PRODUCTS_DIR; };
/* End PBXFileReference section */

/* Begin PBXFrameworksBuildPhase section */
		F5C25A8616A46702002F7A70 /* Frameworks */ = {
			isa = PBXFrameworksBuildPhase;
			buildActionMask = 2147483647;
			files = (
			);
			runOnlyForDeploymentPostprocessing = 0;
		};
/* End PBXFrameworksBuildPhase section */

/* Begin PBXGroup section */
		222D37C319ACE3280079F8BE /* Configuration */ = {
			isa = PBXGroup;
			children = (
				222D37C019ACE3240079F8BE /* GeometryKitDebug.xcconfig */,
				222D37C119ACE3240079F8BE /* GeometryKitRelease.xcconfig */,
				222D37C219ACE3240079F8BE /* GeometryKitShared.xcconfig */,
			);
			name = Configuration;
			sourceTree = "<group>";
		};
		222D37C419ACE3310079F8BE /* Prefixes */ = {
			isa = PBXGroup;
			children = (
				228CF22717562C58003E1D25 /* GeometryKitDebug.pch */,
				228CF22817562C58003E1D25 /* GeometryKitRelease.pch */,
				228CF22917562C58003E1D25 /* GeometryKitShared.pch */,
			);
			name = Prefixes;
			sourceTree = "<group>";
		};
		F5C25A7E16A46702002F7A70 = {
			isa = PBXGroup;
			children = (
				F5C25A9216A46702002F7A70 /* Source */,
				F5C25A8B16A46702002F7A70 /* Frameworks */,
				F5C25A8A16A46702002F7A70 /* Products */,
			);
			sourceTree = "<group>";
		};
		F5C25A8A16A46702002F7A70 /* Products */ = {
			isa = PBXGroup;
			children = (
				F5C25A8916A46702002F7A70 /* libGeometryKit.a */,
			);
			name = Products;
			sourceTree = "<group>";
		};
		F5C25A8B16A46702002F7A70 /* Frameworks */ = {
			isa = PBXGroup;
			children = (
			);
			name = Frameworks;
			sourceTree = "<group>";
		};
		F5C25A9216A46702002F7A70 /* Source */ = {
			isa = PBXGroup;
			children = (
				22FCC8A61756115300CAEA85 /* GeometryKit.h */,
				22FCC8A71756115300CAEA85 /* GKAxis.h */,
				22FCC8A81756115300CAEA85 /* GKAxis.m */,
				22FCC8A91756115300CAEA85 /* GKAxisPosition.h */,
				22FCC8AA1756115300CAEA85 /* GKAxisPosition.m */,
				22FCC8AB1756115300CAEA85 /* GKCorner.h */,
				22FCC8AC1756115300CAEA85 /* GKCorner.m */,
				22FCC8AD1756115300CAEA85 /* GKEdge.h */,
				22FCC8AE1756115300CAEA85 /* GKEdge.m */,
				22FCC8AF1756115300CAEA85 /* GKLine.h */,
				22FCC8B01756115300CAEA85 /* GKLine.m */,
				22FCC8B11756115300CAEA85 /* GKObjectEnum.h */,
				22FCC8B21756115300CAEA85 /* GKObjectEnum.m */,
				22FCC8B31756115300CAEA85 /* GKOffset.h */,
				22FCC8B41756115300CAEA85 /* GKOffset.m */,
				22FCC8B51756115300CAEA85 /* GKPoint.h */,
				22FCC8B61756115300CAEA85 /* GKPoint.m */,
				22FCC8B71756115300CAEA85 /* GKRect.h */,
				22FCC8B81756115300CAEA85 /* GKRect.m */,
				22FCC8B91756115300CAEA85 /* GKRect+Axis.h */,
				22FCC8BA1756115300CAEA85 /* GKRect+Axis.m */,
				22FCC8BB1756115300CAEA85 /* GKRect+Compare.h */,
				22FCC8BC1756115300CAEA85 /* GKRect+Compare.m */,
				22FCC8BD1756115300CAEA85 /* GKRect+Corner.h */,
				22FCC8BE1756115300CAEA85 /* GKRect+Corner.m */,
				22FCC8BF1756115300CAEA85 /* GKRect+Edge.h */,
				22FCC8C01756115300CAEA85 /* GKRect+Edge.m */,
				22FCC8C11756115300CAEA85 /* GKRect+Expand.h */,
				22FCC8C21756115300CAEA85 /* GKRect+Expand.m */,
				22FCC8C31756115300CAEA85 /* GKRect+Point.h */,
				22FCC8C41756115300CAEA85 /* GKRect+Point.m */,
				22FCC8C51756115300CAEA85 /* GKRect+Relative.h */,
				22FCC8C61756115300CAEA85 /* GKRect+Relative.m */,
				F5C25A9316A46702002F7A70 /* Supporting Files */,
			);
			path = Source;
			sourceTree = "<group>";
		};
		F5C25A9316A46702002F7A70 /* Supporting Files */ = {
			isa = PBXGroup;
			children = (
				222D37C319ACE3280079F8BE /* Configuration */,
				222D37C419ACE3310079F8BE /* Prefixes */,
			);
			name = "Supporting Files";
			sourceTree = "<group>";
		};
/* End PBXGroup section */

/* Begin PBXHeadersBuildPhase section */
		F5C25A8716A46702002F7A70 /* Headers */ = {
			isa = PBXHeadersBuildPhase;
			buildActionMask = 2147483647;
			files = (
				22FCC8C81756115300CAEA85 /* GeometryKit.h in Headers */,
				22FCC8C91756115300CAEA85 /* GKAxis.h in Headers */,
				22FCC8CB1756115300CAEA85 /* GKAxisPosition.h in Headers */,
				22FCC8CD1756115300CAEA85 /* GKCorner.h in Headers */,
				22FCC8CF1756115300CAEA85 /* GKEdge.h in Headers */,
				22FCC8D11756115300CAEA85 /* GKLine.h in Headers */,
				22FCC8D31756115300CAEA85 /* GKObjectEnum.h in Headers */,
				22FCC8D51756115300CAEA85 /* GKOffset.h in Headers */,
				22FCC8D71756115300CAEA85 /* GKPoint.h in Headers */,
				22FCC8D91756115300CAEA85 /* GKRect.h in Headers */,
				22FCC8DB1756115300CAEA85 /* GKRect+Axis.h in Headers */,
				22FCC8DD1756115300CAEA85 /* GKRect+Compare.h in Headers */,
				22FCC8DF1756115300CAEA85 /* GKRect+Corner.h in Headers */,
				22FCC8E11756115300CAEA85 /* GKRect+Edge.h in Headers */,
				22FCC8E31756115300CAEA85 /* GKRect+Expand.h in Headers */,
				22FCC8E51756115300CAEA85 /* GKRect+Point.h in Headers */,
				22FCC8E71756115300CAEA85 /* GKRect+Relative.h in Headers */,
			);
			runOnlyForDeploymentPostprocessing = 0;
		};
/* End PBXHeadersBuildPhase section */

/* Begin PBXNativeTarget section */
		F5C25A8816A46702002F7A70 /* GeometryKit */ = {
			isa = PBXNativeTarget;
			buildConfigurationList = F5C25A9A16A46702002F7A70 /* Build configuration list for PBXNativeTarget "GeometryKit" */;
			buildPhases = (
				F5C25A8516A46702002F7A70 /* Sources */,
				F5C25A8616A46702002F7A70 /* Frameworks */,
				F5C25A8716A46702002F7A70 /* Headers */,
			);
			buildRules = (
			);
			dependencies = (
			);
			name = GeometryKit;
			productName = ArchivingKit;
			productReference = F5C25A8916A46702002F7A70 /* libGeometryKit.a */;
			productType = "com.apple.product-type.library.static";
		};
/* End PBXNativeTarget section */

/* Begin PBXProject section */
		F5C25A8016A46702002F7A70 /* Project object */ = {
			isa = PBXProject;
			attributes = {
				LastUpgradeCheck = 0600;
				ORGANIZATIONNAME = "Bohemian Coding";
			};
			buildConfigurationList = F5C25A8316A46702002F7A70 /* Build configuration list for PBXProject "GeometryKit" */;
			compatibilityVersion = "Xcode 3.2";
			developmentRegion = English;
			hasScannedForEncodings = 0;
			knownRegions = (
				en,
			);
			mainGroup = F5C25A7E16A46702002F7A70;
			productRefGroup = F5C25A8A16A46702002F7A70 /* Products */;
			projectDirPath = "";
			projectRoot = "";
			targets = (
				F5C25A8816A46702002F7A70 /* GeometryKit */,
			);
		};
/* End PBXProject section */

/* Begin PBXSourcesBuildPhase section */
		F5C25A8516A46702002F7A70 /* Sources */ = {
			isa = PBXSourcesBuildPhase;
			buildActionMask = 2147483647;
			files = (
				22FCC8CA1756115300CAEA85 /* GKAxis.m in Sources */,
				22FCC8CC1756115300CAEA85 /* GKAxisPosition.m in Sources */,
				22FCC8CE1756115300CAEA85 /* GKCorner.m in Sources */,
				22FCC8D01756115300CAEA85 /* GKEdge.m in Sources */,
				22FCC8D21756115300CAEA85 /* GKLine.m in Sources */,
				22FCC8D41756115300CAEA85 /* GKObjectEnum.m in Sources */,
				22FCC8D61756115300CAEA85 /* GKOffset.m in Sources */,
				22FCC8D81756115300CAEA85 /* GKPoint.m in Sources */,
				22FCC8DA1756115300CAEA85 /* GKRect.m in Sources */,
				22FCC8DC1756115300CAEA85 /* GKRect+Axis.m in Sources */,
				22FCC8DE1756115300CAEA85 /* GKRect+Compare.m in Sources */,
				22FCC8E01756115300CAEA85 /* GKRect+Corner.m in Sources */,
				22FCC8E21756115300CAEA85 /* GKRect+Edge.m in Sources */,
				22FCC8E41756115300CAEA85 /* GKRect+Expand.m in Sources */,
				22FCC8E61756115300CAEA85 /* GKRect+Point.m in Sources */,
				22FCC8E81756115300CAEA85 /* GKRect+Relative.m in Sources */,
			);
			runOnlyForDeploymentPostprocessing = 0;
		};
/* End PBXSourcesBuildPhase section */

/* Begin XCBuildConfiguration section */
		F5C25A9816A46702002F7A70 /* Debug */ = {
			isa = XCBuildConfiguration;
			baseConfigurationReference = 222D37C019ACE3240079F8BE /* GeometryKitDebug.xcconfig */;
			buildSettings = {
				ALWAYS_SEARCH_USER_PATHS = NO;
				CLANG_CXX_LANGUAGE_STANDARD = "gnu++0x";
				CLANG_CXX_LIBRARY = "libc++";
				CLANG_WARN_EMPTY_BODY = YES;
				CLANG_WARN__DUPLICATE_METHOD_MATCH = YES;
				COPY_PHASE_STRIP = NO;
				GCC_C_LANGUAGE_STANDARD = gnu99;
				GCC_DYNAMIC_NO_PIC = NO;
				GCC_ENABLE_OBJC_EXCEPTIONS = YES;
				GCC_OPTIMIZATION_LEVEL = 0;
				GCC_PREPROCESSOR_DEFINITIONS = (
					"DEBUG=1",
					"$(inherited)",
				);
				GCC_SYMBOLS_PRIVATE_EXTERN = NO;
				GCC_TREAT_WARNINGS_AS_ERRORS = YES;
				GCC_WARN_64_TO_32_BIT_CONVERSION = YES;
				GCC_WARN_ABOUT_RETURN_TYPE = YES;
				GCC_WARN_UNINITIALIZED_AUTOS = YES;
				GCC_WARN_UNUSED_VARIABLE = YES;
				ONLY_ACTIVE_ARCH = YES;
				SDKROOT = macosx;
			};
			name = Debug;
		};
		F5C25A9916A46702002F7A70 /* Release */ = {
			isa = XCBuildConfiguration;
			baseConfigurationReference = 222D37C119ACE3240079F8BE /* GeometryKitRelease.xcconfig */;
			buildSettings = {
				ALWAYS_SEARCH_USER_PATHS = NO;
				CLANG_CXX_LANGUAGE_STANDARD = "gnu++0x";
				CLANG_CXX_LIBRARY = "libc++";
				CLANG_WARN_EMPTY_BODY = YES;
				CLANG_WARN__DUPLICATE_METHOD_MATCH = YES;
				COPY_PHASE_STRIP = YES;
				DEBUG_INFORMATION_FORMAT = "dwarf-with-dsym";
				GCC_C_LANGUAGE_STANDARD = gnu99;
				GCC_ENABLE_OBJC_EXCEPTIONS = YES;
				GCC_TREAT_WARNINGS_AS_ERRORS = YES;
				GCC_WARN_64_TO_32_BIT_CONVERSION = YES;
				GCC_WARN_ABOUT_RETURN_TYPE = YES;
				GCC_WARN_UNINITIALIZED_AUTOS = YES;
				GCC_WARN_UNUSED_VARIABLE = YES;
				SDKROOT = macosx;
			};
			name = Release;
		};
		F5C25A9B16A46702002F7A70 /* Debug */ = {
			isa = XCBuildConfiguration;
			buildSettings = {
				GCC_WARN_UNUSED_FUNCTION = NO;
			};
			name = Debug;
		};
		F5C25A9C16A46702002F7A70 /* Release */ = {
			isa = XCBuildConfiguration;
			buildSettings = {
				GCC_WARN_UNUSED_FUNCTION = NO;
			};
			name = Release;
		};
/* End XCBuildConfiguration section */

/* Begin XCConfigurationList section */
		F5C25A8316A46702002F7A70 /* Build configuration list for PBXProject "GeometryKit" */ = {
			isa = XCConfigurationList;
			buildConfigurations = (
				F5C25A9816A46702002F7A70 /* Debug */,
				F5C25A9916A46702002F7A70 /* Release */,
			);
			defaultConfigurationIsVisible = 0;
			defaultConfigurationName = Release;
		};
		F5C25A9A16A46702002F7A70 /* Build configuration list for PBXNativeTarget "GeometryKit" */ = {
			isa = XCConfigurationList;
			buildConfigurations = (
				F5C25A9B16A46702002F7A70 /* Debug */,
				F5C25A9C16A46702002F7A70 /* Release */,
			);
			defaultConfigurationIsVisible = 0;
			defaultConfigurationName = Release;
		};
/* End XCConfigurationList section */
	};
	rootObject = F5C25A8016A46702002F7A70 /* Project object */;
}
